
Microsoft Visual Studio Solution File, Format Version 12.00
# Visual Studio Version 16
VisualStudioVersion = 16.0.31019.35
MinimumVisualStudioVersion = 10.0.40219.1
Project("{FAE04EC0-301F-11D3-BF4B-00C04F79EFBC}") = "CompositeDesignPattern", "CompositeDesignPattern\CompositeDesignPattern.csproj", "{B18C83D7-4B1D-4D86-91E8-C2392634162E}"
EndProject
Global
	GlobalSection(SolutionConfigurationPlatforms) = preSolution
		Debug|Any CPU = Debug|Any CPU
		Release|Any CPU = Release|Any CPU
	EndGlobalSection
	GlobalSection(ProjectConfigurationPlatforms) = postSolution
		{B18C83D7-4B1D-4D86-91E8-C2392634162E}.Debug|Any CPU.ActiveCfg = Debug|Any CPU
		{B18C83D7-4B1D-4D86-91E8-C2392634162E}.Debug|Any CPU.Build.0 = Debug|Any CPU
		{B18C83D7-4B1D-4D86-91E8-C2392634162E}.Release|Any CPU.ActiveCfg = Release|Any CPU
		{B18C83D7-4B1D-4D86-91E8-C2392634162E}.Release|Any CPU.Build.0 = Release|Any CPU
	EndGlobalSection
	GlobalSection(SolutionProperties) = preSolution
		HideSolutionNode = FALSE
	EndGlobalSection
	GlobalSection(ExtensibilityGlobals) = postSolution
		SolutionGuid = {B397CD1B-30C1-4ADB-A949-73226C2FDAC4}
	EndGlobalSection
EndGlobal
